
Microsoft Visual Studio Solution File, Format Version 12.00
# Visual Studio 2013
VisualStudioVersion = 12.0.30723.0
MinimumVisualStudioVersion = 10.0.40219.1
Project("{2150E333-8FDC-42A3-9474-1A3956D46DE8}") = "1.. Parser", "1.. Parser", "{06C7312E-2C88-43E4-8C25-CB29B3810BCC}"
EndProject
Project("{2150E333-8FDC-42A3-9474-1A3956D46DE8}") = "2.. Compile to JS", "2.. Compile to JS", "{C1D2EF4B-082F-413D-A54B-935E49A3F50E}"
EndProject
Project("{2150E333-8FDC-42A3-9474-1A3956D46DE8}") = "3.. Compile to IL", "3.. Compile to IL", "{E8A468F4-726A-455D-9DDF-7F5A6ECDCFAF}"
EndProject
Project("{2150E333-8FDC-42A3-9474-1A3956D46DE8}") = "4.. Small Basic", "4.. Small Basic", "{78B3FC96-B597-4F32-9026-D6941CF88077}"
EndProject
Project("{2150E333-8FDC-42A3-9474-1A3956D46DE8}") = "a) Turtle Tutorial", "a) Turtle Tutorial", "{DFE719AF-4DC2-4E7E-A6A0-7087603A30D9}"
EndProject
Project("{2150E333-8FDC-42A3-9474-1A3956D46DE8}") = "b) Turtle Repeat", "b) Turtle Repeat", "{8C777AAC-CCE8-4A08-A8DF-6B81A6BCF80C}"
EndProject
Project("{2150E333-8FDC-42A3-9474-1A3956D46DE8}") = "c) Turtle Procedures", "c) Turtle Procedures", "{B9B4B60D-4DD1-434F-873E-DF5BD4E814B9}"
EndProject
Project("{2150E333-8FDC-42A3-9474-1A3956D46DE8}") = "d) Turtle Expressions", "d) Turtle Expressions", "{F20DBA37-3921-4EA9-8557-32A689750FA7}"
EndProject
Project("{2150E333-8FDC-42A3-9474-1A3956D46DE8}") = "a) Canvas", "a) Canvas", "{EFD391C8-C028-4FDF-B060-51A95AFEC68A}"
EndProject
Project("{2150E333-8FDC-42A3-9474-1A3956D46DE8}") = "b) Expressions", "b) Expressions", "{38327AE3-4C8C-4F46-AADB-4A4B1869B407}"
EndProject
Project("{FAE04EC0-301F-11D3-BF4B-00C04F79EFBC}") = "SmallBasicLibrary", "SmallBasic\SmallBasicLibrary\SmallBasicLibrary.csproj", "{26AB2BE8-9082-4340-8AE4-2349F791ABA5}"
EndProject
Project("{F2A71F9B-5D33-465A-A702-920D77279786}") = "SmallBasicCompiler", "SmallBasic\SmallBasicCompiler\SmallBasicCompiler.fsproj", "{03AE0B4E-A83B-4A0F-A364-9F0B54B3D7C7}"
EndProject
Project("{F2A71F9B-5D33-465A-A702-920D77279786}") = "TurtleTutorial", "Turtle\TurtleTutorial\TurtleTutorial.fsproj", "{B8296280-D572-48D5-93B6-97B88347DCAD}"
EndProject
Project("{F2A71F9B-5D33-465A-A702-920D77279786}") = "TurtleRepeat", "Turtle\TurtleRepeat\TurtleRepeat.fsproj", "{6C70FF9E-D064-4B60-896D-CD9CF4B1CAE0}"
EndProject
Project("{F2A71F9B-5D33-465A-A702-920D77279786}") = "TurtleProc", "Turtle\TurtleProc\TurtleProc.fsproj", "{3D3F10D0-6FDA-4B9C-AC41-E15E44218DA9}"
EndProject
Project("{F2A71F9B-5D33-465A-A702-920D77279786}") = "TurtleExpr", "Turtle\TurtleExpr\TurtleExpr.fsproj", "{14BB8C54-AF80-40DB-AB9C-1BBFF44ED4C1}"
EndProject
Project("{F2A71F9B-5D33-465A-A702-920D77279786}") = "TurtleCanvas", "ToJS\TurtleCanvas\TurtleCanvas.fsproj", "{74FBE0A0-27E3-44CA-8DC4-99D9B13BF832}"
EndProject
Project("{F2A71F9B-5D33-465A-A702-920D77279786}") = "TurtleTree", "ToJS\TurtleTree\TurtleTree.fsproj", "{C565EB0F-8A3D-47AF-B5F4-CF64AD940606}"
EndProject
Project("{FAE04EC0-301F-11D3-BF4B-00C04F79EFBC}") = "TurtleLibrary", "ToIL\TurtleLibrary\TurtleLibrary.csproj", "{012152C0-4DE0-4D49-977D-C5B5D04F6C1F}"
EndProject
Project("{F2A71F9B-5D33-465A-A702-920D77279786}") = "TurtleGraphics", "ToIL\TurtleGraphics\TurtleGraphics.fsproj", "{A558A2E3-CED1-49AA-B0E8-4B155D465610}"
EndProject
Global
	GlobalSection(SolutionConfigurationPlatforms) = preSolution
		Debug|Any CPU = Debug|Any CPU
		Release|Any CPU = Release|Any CPU
	EndGlobalSection
	GlobalSection(ProjectConfigurationPlatforms) = postSolution
		{26AB2BE8-9082-4340-8AE4-2349F791ABA5}.Debug|Any CPU.ActiveCfg = Debug|Any CPU
		{26AB2BE8-9082-4340-8AE4-2349F791ABA5}.Debug|Any CPU.Build.0 = Debug|Any CPU
		{26AB2BE8-9082-4340-8AE4-2349F791ABA5}.Release|Any CPU.ActiveCfg = Release|Any CPU
		{26AB2BE8-9082-4340-8AE4-2349F791ABA5}.Release|Any CPU.Build.0 = Release|Any CPU
		{03AE0B4E-A83B-4A0F-A364-9F0B54B3D7C7}.Debug|Any CPU.ActiveCfg = Debug|Any CPU
		{03AE0B4E-A83B-4A0F-A364-9F0B54B3D7C7}.Debug|Any CPU.Build.0 = Debug|Any CPU
		{03AE0B4E-A83B-4A0F-A364-9F0B54B3D7C7}.Release|Any CPU.ActiveCfg = Release|Any CPU
		{03AE0B4E-A83B-4A0F-A364-9F0B54B3D7C7}.Release|Any CPU.Build.0 = Release|Any CPU
		{B8296280-D572-48D5-93B6-97B88347DCAD}.Debug|Any CPU.ActiveCfg = Debug|Any CPU
		{B8296280-D572-48D5-93B6-97B88347DCAD}.Debug|Any CPU.Build.0 = Debug|Any CPU
		{B8296280-D572-48D5-93B6-97B88347DCAD}.Release|Any CPU.ActiveCfg = Release|Any CPU
		{B8296280-D572-48D5-93B6-97B88347DCAD}.Release|Any CPU.Build.0 = Release|Any CPU
		{6C70FF9E-D064-4B60-896D-CD9CF4B1CAE0}.Debug|Any CPU.ActiveCfg = Debug|Any CPU
		{6C70FF9E-D064-4B60-896D-CD9CF4B1CAE0}.Debug|Any CPU.Build.0 = Debug|Any CPU
		{6C70FF9E-D064-4B60-896D-CD9CF4B1CAE0}.Release|Any CPU.ActiveCfg = Release|Any CPU
		{6C70FF9E-D064-4B60-896D-CD9CF4B1CAE0}.Release|Any CPU.Build.0 = Release|Any CPU
		{3D3F10D0-6FDA-4B9C-AC41-E15E44218DA9}.Debug|Any CPU.ActiveCfg = Debug|Any CPU
		{3D3F10D0-6FDA-4B9C-AC41-E15E44218DA9}.Debug|Any CPU.Build.0 = Debug|Any CPU
		{3D3F10D0-6FDA-4B9C-AC41-E15E44218DA9}.Release|Any CPU.ActiveCfg = Release|Any CPU
		{3D3F10D0-6FDA-4B9C-AC41-E15E44218DA9}.Release|Any CPU.Build.0 = Release|Any CPU
		{14BB8C54-AF80-40DB-AB9C-1BBFF44ED4C1}.Debug|Any CPU.ActiveCfg = Debug|Any CPU
		{14BB8C54-AF80-40DB-AB9C-1BBFF44ED4C1}.Debug|Any CPU.Build.0 = Debug|Any CPU
		{14BB8C54-AF80-40DB-AB9C-1BBFF44ED4C1}.Release|Any CPU.ActiveCfg = Release|Any CPU
		{14BB8C54-AF80-40DB-AB9C-1BBFF44ED4C1}.Release|Any CPU.Build.0 = Release|Any CPU
		{74FBE0A0-27E3-44CA-8DC4-99D9B13BF832}.Debug|Any CPU.ActiveCfg = Debug|Any CPU
		{74FBE0A0-27E3-44CA-8DC4-99D9B13BF832}.Debug|Any CPU.Build.0 = Debug|Any CPU
		{74FBE0A0-27E3-44CA-8DC4-99D9B13BF832}.Release|Any CPU.ActiveCfg = Release|Any CPU
		{74FBE0A0-27E3-44CA-8DC4-99D9B13BF832}.Release|Any CPU.Build.0 = Release|Any CPU
		{C565EB0F-8A3D-47AF-B5F4-CF64AD940606}.Debug|Any CPU.ActiveCfg = Debug|Any CPU
		{C565EB0F-8A3D-47AF-B5F4-CF64AD940606}.Debug|Any CPU.Build.0 = Debug|Any CPU
		{C565EB0F-8A3D-47AF-B5F4-CF64AD940606}.Release|Any CPU.ActiveCfg = Release|Any CPU
		{C565EB0F-8A3D-47AF-B5F4-CF64AD940606}.Release|Any CPU.Build.0 = Release|Any CPU
		{012152C0-4DE0-4D49-977D-C5B5D04F6C1F}.Debug|Any CPU.ActiveCfg = Debug|Any CPU
		{012152C0-4DE0-4D49-977D-C5B5D04F6C1F}.Debug|Any CPU.Build.0 = Debug|Any CPU
		{012152C0-4DE0-4D49-977D-C5B5D04F6C1F}.Release|Any CPU.ActiveCfg = Release|Any CPU
		{012152C0-4DE0-4D49-977D-C5B5D04F6C1F}.Release|Any CPU.Build.0 = Release|Any CPU
		{A558A2E3-CED1-49AA-B0E8-4B155D465610}.Debug|Any CPU.ActiveCfg = Debug|Any CPU
		{A558A2E3-CED1-49AA-B0E8-4B155D465610}.Debug|Any CPU.Build.0 = Debug|Any CPU
		{A558A2E3-CED1-49AA-B0E8-4B155D465610}.Release|Any CPU.ActiveCfg = Release|Any CPU
		{A558A2E3-CED1-49AA-B0E8-4B155D465610}.Release|Any CPU.Build.0 = Release|Any CPU
	EndGlobalSection
	GlobalSection(SolutionProperties) = preSolution
		HideSolutionNode = FALSE
	EndGlobalSection
	GlobalSection(NestedProjects) = preSolution
		{DFE719AF-4DC2-4E7E-A6A0-7087603A30D9} = {06C7312E-2C88-43E4-8C25-CB29B3810BCC}
		{8C777AAC-CCE8-4A08-A8DF-6B81A6BCF80C} = {06C7312E-2C88-43E4-8C25-CB29B3810BCC}
		{B9B4B60D-4DD1-434F-873E-DF5BD4E814B9} = {06C7312E-2C88-43E4-8C25-CB29B3810BCC}
		{F20DBA37-3921-4EA9-8557-32A689750FA7} = {06C7312E-2C88-43E4-8C25-CB29B3810BCC}
		{EFD391C8-C028-4FDF-B060-51A95AFEC68A} = {C1D2EF4B-082F-413D-A54B-935E49A3F50E}
		{38327AE3-4C8C-4F46-AADB-4A4B1869B407} = {C1D2EF4B-082F-413D-A54B-935E49A3F50E}
		{26AB2BE8-9082-4340-8AE4-2349F791ABA5} = {78B3FC96-B597-4F32-9026-D6941CF88077}
		{03AE0B4E-A83B-4A0F-A364-9F0B54B3D7C7} = {78B3FC96-B597-4F32-9026-D6941CF88077}
		{B8296280-D572-48D5-93B6-97B88347DCAD} = {DFE719AF-4DC2-4E7E-A6A0-7087603A30D9}
		{6C70FF9E-D064-4B60-896D-CD9CF4B1CAE0} = {8C777AAC-CCE8-4A08-A8DF-6B81A6BCF80C}
		{3D3F10D0-6FDA-4B9C-AC41-E15E44218DA9} = {B9B4B60D-4DD1-434F-873E-DF5BD4E814B9}
		{14BB8C54-AF80-40DB-AB9C-1BBFF44ED4C1} = {F20DBA37-3921-4EA9-8557-32A689750FA7}
		{74FBE0A0-27E3-44CA-8DC4-99D9B13BF832} = {EFD391C8-C028-4FDF-B060-51A95AFEC68A}
		{C565EB0F-8A3D-47AF-B5F4-CF64AD940606} = {38327AE3-4C8C-4F46-AADB-4A4B1869B407}
		{012152C0-4DE0-4D49-977D-C5B5D04F6C1F} = {E8A468F4-726A-455D-9DDF-7F5A6ECDCFAF}
		{A558A2E3-CED1-49AA-B0E8-4B155D465610} = {E8A468F4-726A-455D-9DDF-7F5A6ECDCFAF}
	EndGlobalSection
EndGlobal
