
Microsoft Visual Studio Solution File, Format Version 12.00
# Visual Studio 14
VisualStudioVersion = 14.0.25123.0
MinimumVisualStudioVersion = 10.0.40219.1
Project("{FAE04EC0-301F-11D3-BF4B-00C04F79EFBC}") = "Orders-Core", "Orders-Core\Orders-Core.csproj", "{0B86762C-9322-44C7-9665-146237032D9A}"
EndProject
Project("{FAE04EC0-301F-11D3-BF4B-00C04F79EFBC}") = "Orders-Service", "Orders-Service\Orders-Service.csproj", "{C5E232D3-8EBA-4E2D-A383-C30CBADF0742}"
EndProject
Project("{FAE04EC0-301F-11D3-BF4B-00C04F79EFBC}") = "Product-API", "Product-API\Product-API.csproj", "{21005F54-1EB6-440A-AFF2-3D1F4E203710}"
EndProject
Project("{FAE04EC0-301F-11D3-BF4B-00C04F79EFBC}") = "Products-Core", "Products-Core\Products-Core.csproj", "{1DCF878D-FCDD-4F84-AC12-E0453B320FF8}"
EndProject
Project("{FAE04EC0-301F-11D3-BF4B-00C04F79EFBC}") = "Store-API", "Store-API\Store-API.csproj", "{901EBCD9-7C9D-4875-8C62-70F26BB8CB52}"
EndProject
Project("{FAE04EC0-301F-11D3-BF4B-00C04F79EFBC}") = "Store-Service", "Store-Service\Store-Service.csproj", "{06CDD519-C168-4022-A968-2EBAE707619D}"
EndProject
Project("{FAE04EC0-301F-11D3-BF4B-00C04F79EFBC}") = "Store-Core", "Store-Core\Store-Core.csproj", "{8E6455B1-8B56-4BA0-A2A5-20370E562B26}"
EndProject
Global
	GlobalSection(SolutionConfigurationPlatforms) = preSolution
		Debug|Any CPU = Debug|Any CPU
		Release|Any CPU = Release|Any CPU
	EndGlobalSection
	GlobalSection(ProjectConfigurationPlatforms) = postSolution
		{0B86762C-9322-44C7-9665-146237032D9A}.Debug|Any CPU.ActiveCfg = Debug|Any CPU
		{0B86762C-9322-44C7-9665-146237032D9A}.Debug|Any CPU.Build.0 = Debug|Any CPU
		{0B86762C-9322-44C7-9665-146237032D9A}.Release|Any CPU.ActiveCfg = Release|Any CPU
		{0B86762C-9322-44C7-9665-146237032D9A}.Release|Any CPU.Build.0 = Release|Any CPU
		{C5E232D3-8EBA-4E2D-A383-C30CBADF0742}.Debug|Any CPU.ActiveCfg = Debug|Any CPU
		{C5E232D3-8EBA-4E2D-A383-C30CBADF0742}.Debug|Any CPU.Build.0 = Debug|Any CPU
		{C5E232D3-8EBA-4E2D-A383-C30CBADF0742}.Release|Any CPU.ActiveCfg = Release|Any CPU
		{C5E232D3-8EBA-4E2D-A383-C30CBADF0742}.Release|Any CPU.Build.0 = Release|Any CPU
		{21005F54-1EB6-440A-AFF2-3D1F4E203710}.Debug|Any CPU.ActiveCfg = Debug|Any CPU
		{21005F54-1EB6-440A-AFF2-3D1F4E203710}.Debug|Any CPU.Build.0 = Debug|Any CPU
		{21005F54-1EB6-440A-AFF2-3D1F4E203710}.Release|Any CPU.ActiveCfg = Release|Any CPU
		{21005F54-1EB6-440A-AFF2-3D1F4E203710}.Release|Any CPU.Build.0 = Release|Any CPU
		{1DCF878D-FCDD-4F84-AC12-E0453B320FF8}.Debug|Any CPU.ActiveCfg = Debug|Any CPU
		{1DCF878D-FCDD-4F84-AC12-E0453B320FF8}.Debug|Any CPU.Build.0 = Debug|Any CPU
		{1DCF878D-FCDD-4F84-AC12-E0453B320FF8}.Release|Any CPU.ActiveCfg = Release|Any CPU
		{1DCF878D-FCDD-4F84-AC12-E0453B320FF8}.Release|Any CPU.Build.0 = Release|Any CPU
		{901EBCD9-7C9D-4875-8C62-70F26BB8CB52}.Debug|Any CPU.ActiveCfg = Debug|Any CPU
		{901EBCD9-7C9D-4875-8C62-70F26BB8CB52}.Debug|Any CPU.Build.0 = Debug|Any CPU
		{901EBCD9-7C9D-4875-8C62-70F26BB8CB52}.Release|Any CPU.ActiveCfg = Release|Any CPU
		{901EBCD9-7C9D-4875-8C62-70F26BB8CB52}.Release|Any CPU.Build.0 = Release|Any CPU
		{06CDD519-C168-4022-A968-2EBAE707619D}.Debug|Any CPU.ActiveCfg = Debug|Any CPU
		{06CDD519-C168-4022-A968-2EBAE707619D}.Debug|Any CPU.Build.0 = Debug|Any CPU
		{06CDD519-C168-4022-A968-2EBAE707619D}.Release|Any CPU.ActiveCfg = Release|Any CPU
		{06CDD519-C168-4022-A968-2EBAE707619D}.Release|Any CPU.Build.0 = Release|Any CPU
		{8E6455B1-8B56-4BA0-A2A5-20370E562B26}.Debug|Any CPU.ActiveCfg = Debug|Any CPU
		{8E6455B1-8B56-4BA0-A2A5-20370E562B26}.Debug|Any CPU.Build.0 = Debug|Any CPU
		{8E6455B1-8B56-4BA0-A2A5-20370E562B26}.Release|Any CPU.ActiveCfg = Release|Any CPU
		{8E6455B1-8B56-4BA0-A2A5-20370E562B26}.Release|Any CPU.Build.0 = Release|Any CPU
	EndGlobalSection
	GlobalSection(SolutionProperties) = preSolution
		HideSolutionNode = FALSE
	EndGlobalSection
EndGlobal
